
Microsoft Visual Studio Solution File, Format Version 12.00
# Visual Studio Version 17
VisualStudioVersion = 17.9.34728.123
MinimumVisualStudioVersion = 10.0.40219.1
Project("{FAE04EC0-301F-11D3-BF4B-00C04F79EFBC}") = "Assignment3.1.1", "Assignment3.1.1.csproj", "{5CE09EEB-421C-4AD0-AA5A-E945B7F9F00B}"
EndProject
Global
	GlobalSection(SolutionConfigurationPlatforms) = preSolution
		Debug|Any CPU = Debug|Any CPU
		Release|Any CPU = Release|Any CPU
	EndGlobalSection
	GlobalSection(ProjectConfigurationPlatforms) = postSolution
		{5CE09EEB-421C-4AD0-AA5A-E945B7F9F00B}.Debug|Any CPU.ActiveCfg = Debug|Any CPU
		{5CE09EEB-421C-4AD0-AA5A-E945B7F9F00B}.Debug|Any CPU.Build.0 = Debug|Any CPU
		{5CE09EEB-421C-4AD0-AA5A-E945B7F9F00B}.Release|Any CPU.ActiveCfg = Release|Any CPU
		{5CE09EEB-421C-4AD0-AA5A-E945B7F9F00B}.Release|Any CPU.Build.0 = Release|Any CPU
	EndGlobalSection
	GlobalSection(SolutionProperties) = preSolution
		HideSolutionNode = FALSE
	EndGlobalSection
	GlobalSection(ExtensibilityGlobals) = postSolution
		SolutionGuid = {126B7B9C-A0E9-4394-A587-91543E33658D}
	EndGlobalSection
EndGlobal
